
Microsoft Visual Studio Solution File, Format Version 12.00
# Visual Studio Version 17
VisualStudioVersion = 17.2.32516.85
MinimumVisualStudioVersion = 10.0.40219.1
Project("{FAE04EC0-301F-11D3-BF4B-00C04F79EFBC}") = "Client", "Client\Client.csproj", "{3ABB7358-7539-4032-85BF-FF0B02D24278}"
EndProject
Project("{FAE04EC0-301F-11D3-BF4B-00C04F79EFBC}") = "Server", "Server\Server.csproj", "{34C7AFC8-5A78-40E7-8C95-B5B8ED71EAD4}"
EndProject
Global
	GlobalSection(SolutionConfigurationPlatforms) = preSolution
		Debug|Any CPU = Debug|Any CPU
		Release|Any CPU = Release|Any CPU
	EndGlobalSection
	GlobalSection(ProjectConfigurationPlatforms) = postSolution
		{3ABB7358-7539-4032-85BF-FF0B02D24278}.Debug|Any CPU.ActiveCfg = Debug|Any CPU
		{3ABB7358-7539-4032-85BF-FF0B02D24278}.Debug|Any CPU.Build.0 = Debug|Any CPU
		{3ABB7358-7539-4032-85BF-FF0B02D24278}.Release|Any CPU.ActiveCfg = Release|Any CPU
		{3ABB7358-7539-4032-85BF-FF0B02D24278}.Release|Any CPU.Build.0 = Release|Any CPU
		{34C7AFC8-5A78-40E7-8C95-B5B8ED71EAD4}.Debug|Any CPU.ActiveCfg = Debug|Any CPU
		{34C7AFC8-5A78-40E7-8C95-B5B8ED71EAD4}.Debug|Any CPU.Build.0 = Debug|Any CPU
		{34C7AFC8-5A78-40E7-8C95-B5B8ED71EAD4}.Release|Any CPU.ActiveCfg = Release|Any CPU
		{34C7AFC8-5A78-40E7-8C95-B5B8ED71EAD4}.Release|Any CPU.Build.0 = Release|Any CPU
	EndGlobalSection
	GlobalSection(SolutionProperties) = preSolution
		HideSolutionNode = FALSE
	EndGlobalSection
	GlobalSection(ExtensibilityGlobals) = postSolution
		SolutionGuid = {FE544D7F-4EA2-4F91-9B8A-C64ED2CCF484}
	EndGlobalSection
EndGlobal
